
Microsoft Visual Studio Solution File, Format Version 12.00
# Visual Studio Version 16
VisualStudioVersion = 16.0.31515.178
MinimumVisualStudioVersion = 10.0.40219.1
Project("{FAE04EC0-301F-11D3-BF4B-00C04F79EFBC}") = "Clase1App", "Clase1App\Clase1App.csproj", "{9F26FD4B-9611-4655-9727-8D815CC6A125}"
EndProject
Global
	GlobalSection(SolutionConfigurationPlatforms) = preSolution
		Debug|Any CPU = Debug|Any CPU
		Release|Any CPU = Release|Any CPU
	EndGlobalSection
	GlobalSection(ProjectConfigurationPlatforms) = postSolution
		{9F26FD4B-9611-4655-9727-8D815CC6A125}.Debug|Any CPU.ActiveCfg = Debug|Any CPU
		{9F26FD4B-9611-4655-9727-8D815CC6A125}.Debug|Any CPU.Build.0 = Debug|Any CPU
		{9F26FD4B-9611-4655-9727-8D815CC6A125}.Release|Any CPU.ActiveCfg = Release|Any CPU
		{9F26FD4B-9611-4655-9727-8D815CC6A125}.Release|Any CPU.Build.0 = Release|Any CPU
	EndGlobalSection
	GlobalSection(SolutionProperties) = preSolution
		HideSolutionNode = FALSE
	EndGlobalSection
	GlobalSection(ExtensibilityGlobals) = postSolution
		SolutionGuid = {8E5E27B6-ACF2-4CC1-A053-92F0EBB5D255}
	EndGlobalSection
EndGlobal
