
Microsoft Visual Studio Solution File, Format Version 12.00
# Visual Studio Version 16
VisualStudioVersion = 16.0.31515.178
MinimumVisualStudioVersion = 10.0.40219.1
Project("{FAE04EC0-301F-11D3-BF4B-00C04F79EFBC}") = "WebForm1", "WebForm1\WebForm1.csproj", "{5B451D3A-41B7-4CCA-97E8-A725EDEBDB8E}"
EndProject
Global
	GlobalSection(SolutionConfigurationPlatforms) = preSolution
		Debug|Any CPU = Debug|Any CPU
		Release|Any CPU = Release|Any CPU
	EndGlobalSection
	GlobalSection(ProjectConfigurationPlatforms) = postSolution
		{5B451D3A-41B7-4CCA-97E8-A725EDEBDB8E}.Debug|Any CPU.ActiveCfg = Debug|Any CPU
		{5B451D3A-41B7-4CCA-97E8-A725EDEBDB8E}.Debug|Any CPU.Build.0 = Debug|Any CPU
		{5B451D3A-41B7-4CCA-97E8-A725EDEBDB8E}.Release|Any CPU.ActiveCfg = Release|Any CPU
		{5B451D3A-41B7-4CCA-97E8-A725EDEBDB8E}.Release|Any CPU.Build.0 = Release|Any CPU
	EndGlobalSection
	GlobalSection(SolutionProperties) = preSolution
		HideSolutionNode = FALSE
	EndGlobalSection
	GlobalSection(ExtensibilityGlobals) = postSolution
		SolutionGuid = {3620404C-7EA4-4260-899E-B21D96BDDD61}
	EndGlobalSection
EndGlobal
